
Microsoft Visual Studio Solution File, Format Version 12.00
# Visual Studio Version 16
VisualStudioVersion = 16.0.29613.14
MinimumVisualStudioVersion = 10.0.40219.1
Project("{FAE04EC0-301F-11D3-BF4B-00C04F79EFBC}") = "IUR-p07", "IUR-p07.csproj", "{93A661E8-1A98-4269-AC06-A9A804219CEB}"
EndProject
Global
	GlobalSection(SolutionConfigurationPlatforms) = preSolution
		Debug|Any CPU = Debug|Any CPU
		Release|Any CPU = Release|Any CPU
	EndGlobalSection
	GlobalSection(ProjectConfigurationPlatforms) = postSolution
		{93A661E8-1A98-4269-AC06-A9A804219CEB}.Debug|Any CPU.ActiveCfg = Debug|Any CPU
		{93A661E8-1A98-4269-AC06-A9A804219CEB}.Debug|Any CPU.Build.0 = Debug|Any CPU
		{93A661E8-1A98-4269-AC06-A9A804219CEB}.Release|Any CPU.ActiveCfg = Release|Any CPU
		{93A661E8-1A98-4269-AC06-A9A804219CEB}.Release|Any CPU.Build.0 = Release|Any CPU
	EndGlobalSection
	GlobalSection(SolutionProperties) = preSolution
		HideSolutionNode = FALSE
	EndGlobalSection
	GlobalSection(ExtensibilityGlobals) = postSolution
		SolutionGuid = {6BE4C8FC-ADA3-4010-8629-BD43177CFD8E}
	EndGlobalSection
EndGlobal
